
Microsoft Visual Studio Solution File, Format Version 12.00
Project("{FAE04EC0-301F-11D3-BF4B-00C04F79EFBC}") = "AdventOfCode", "AdventOfCode\AdventOfCode.csproj", "{E8635C14-B75E-44C1-BC46-DB51A1E6613C}"
EndProject
Project("{FAE04EC0-301F-11D3-BF4B-00C04F79EFBC}") = "AdventOfCode.Tests", "AdventOfCode.Tests\AdventOfCode.Tests.csproj", "{5D2474C3-A50D-47A3-9B50-0C345F1F6E05}"
EndProject
Global
	GlobalSection(SolutionConfigurationPlatforms) = preSolution
		Debug|Any CPU = Debug|Any CPU
		Release|Any CPU = Release|Any CPU
	EndGlobalSection
	GlobalSection(ProjectConfigurationPlatforms) = postSolution
		{E8635C14-B75E-44C1-BC46-DB51A1E6613C}.Debug|Any CPU.ActiveCfg = Debug|Any CPU
		{E8635C14-B75E-44C1-BC46-DB51A1E6613C}.Debug|Any CPU.Build.0 = Debug|Any CPU
		{E8635C14-B75E-44C1-BC46-DB51A1E6613C}.Release|Any CPU.ActiveCfg = Release|Any CPU
		{E8635C14-B75E-44C1-BC46-DB51A1E6613C}.Release|Any CPU.Build.0 = Release|Any CPU
		{5D2474C3-A50D-47A3-9B50-0C345F1F6E05}.Debug|Any CPU.ActiveCfg = Debug|Any CPU
		{5D2474C3-A50D-47A3-9B50-0C345F1F6E05}.Debug|Any CPU.Build.0 = Debug|Any CPU
		{5D2474C3-A50D-47A3-9B50-0C345F1F6E05}.Release|Any CPU.ActiveCfg = Release|Any CPU
		{5D2474C3-A50D-47A3-9B50-0C345F1F6E05}.Release|Any CPU.Build.0 = Release|Any CPU
	EndGlobalSection
EndGlobal
